
Microsoft Visual Studio Solution File, Format Version 12.00
# Visual Studio Version 17
VisualStudioVersion = 17.14.36915.13
MinimumVisualStudioVersion = 10.0.40219.1
Project("{FAE04EC0-301F-11D3-BF4B-00C04F79EFBC}") = "MessageService.Data", "MessageService.Data\MessageService.Data.csproj", "{FC1B0A49-0A8C-4B80-B2E4-ABCC29DCCD93}"
EndProject
Project("{FAE04EC0-301F-11D3-BF4B-00C04F79EFBC}") = "MessageService.Web", "MessageService.Web\MessageService.Web.csproj", "{1EA465B6-3325-46A1-B103-0823A02EC70D}"
EndProject
Project("{FAE04EC0-301F-11D3-BF4B-00C04F79EFBC}") = "MessageService.Web.Tests", "MessageService.Web.Tests\MessageService.Web.Tests.csproj", "{4BF530A2-B402-401C-83A8-D92CA6CD3015}"
EndProject
Global
	GlobalSection(SolutionConfigurationPlatforms) = preSolution
		Debug|Any CPU = Debug|Any CPU
		Debug|x64 = Debug|x64
		Debug|x86 = Debug|x86
		Release|Any CPU = Release|Any CPU
		Release|x64 = Release|x64
		Release|x86 = Release|x86
	EndGlobalSection
	GlobalSection(ProjectConfigurationPlatforms) = postSolution
		{FC1B0A49-0A8C-4B80-B2E4-ABCC29DCCD93}.Debug|Any CPU.ActiveCfg = Debug|Any CPU
		{FC1B0A49-0A8C-4B80-B2E4-ABCC29DCCD93}.Debug|Any CPU.Build.0 = Debug|Any CPU
		{FC1B0A49-0A8C-4B80-B2E4-ABCC29DCCD93}.Debug|x64.ActiveCfg = Debug|Any CPU
		{FC1B0A49-0A8C-4B80-B2E4-ABCC29DCCD93}.Debug|x64.Build.0 = Debug|Any CPU
		{FC1B0A49-0A8C-4B80-B2E4-ABCC29DCCD93}.Debug|x86.ActiveCfg = Debug|Any CPU
		{FC1B0A49-0A8C-4B80-B2E4-ABCC29DCCD93}.Debug|x86.Build.0 = Debug|Any CPU
		{FC1B0A49-0A8C-4B80-B2E4-ABCC29DCCD93}.Release|Any CPU.ActiveCfg = Release|Any CPU
		{FC1B0A49-0A8C-4B80-B2E4-ABCC29DCCD93}.Release|Any CPU.Build.0 = Release|Any CPU
		{FC1B0A49-0A8C-4B80-B2E4-ABCC29DCCD93}.Release|x64.ActiveCfg = Release|Any CPU
		{FC1B0A49-0A8C-4B80-B2E4-ABCC29DCCD93}.Release|x64.Build.0 = Release|Any CPU
		{FC1B0A49-0A8C-4B80-B2E4-ABCC29DCCD93}.Release|x86.ActiveCfg = Release|Any CPU
		{FC1B0A49-0A8C-4B80-B2E4-ABCC29DCCD93}.Release|x86.Build.0 = Release|Any CPU
		{1EA465B6-3325-46A1-B103-0823A02EC70D}.Debug|Any CPU.ActiveCfg = Debug|Any CPU
		{1EA465B6-3325-46A1-B103-0823A02EC70D}.Debug|Any CPU.Build.0 = Debug|Any CPU
		{1EA465B6-3325-46A1-B103-0823A02EC70D}.Debug|x64.ActiveCfg = Debug|Any CPU
		{1EA465B6-3325-46A1-B103-0823A02EC70D}.Debug|x64.Build.0 = Debug|Any CPU
		{1EA465B6-3325-46A1-B103-0823A02EC70D}.Debug|x86.ActiveCfg = Debug|Any CPU
		{1EA465B6-3325-46A1-B103-0823A02EC70D}.Debug|x86.Build.0 = Debug|Any CPU
		{1EA465B6-3325-46A1-B103-0823A02EC70D}.Release|Any CPU.ActiveCfg = Release|Any CPU
		{1EA465B6-3325-46A1-B103-0823A02EC70D}.Release|Any CPU.Build.0 = Release|Any CPU
		{1EA465B6-3325-46A1-B103-0823A02EC70D}.Release|x64.ActiveCfg = Release|Any CPU
		{1EA465B6-3325-46A1-B103-0823A02EC70D}.Release|x64.Build.0 = Release|Any CPU
		{1EA465B6-3325-46A1-B103-0823A02EC70D}.Release|x86.ActiveCfg = Release|Any CPU
		{1EA465B6-3325-46A1-B103-0823A02EC70D}.Release|x86.Build.0 = Release|Any CPU
		{4BF530A2-B402-401C-83A8-D92CA6CD3015}.Debug|Any CPU.ActiveCfg = Debug|Any CPU
		{4BF530A2-B402-401C-83A8-D92CA6CD3015}.Debug|Any CPU.Build.0 = Debug|Any CPU
		{4BF530A2-B402-401C-83A8-D92CA6CD3015}.Debug|x64.ActiveCfg = Debug|Any CPU
		{4BF530A2-B402-401C-83A8-D92CA6CD3015}.Debug|x64.Build.0 = Debug|Any CPU
		{4BF530A2-B402-401C-83A8-D92CA6CD3015}.Debug|x86.ActiveCfg = Debug|Any CPU
		{4BF530A2-B402-401C-83A8-D92CA6CD3015}.Debug|x86.Build.0 = Debug|Any CPU
		{4BF530A2-B402-401C-83A8-D92CA6CD3015}.Release|Any CPU.ActiveCfg = Release|Any CPU
		{4BF530A2-B402-401C-83A8-D92CA6CD3015}.Release|Any CPU.Build.0 = Release|Any CPU
		{4BF530A2-B402-401C-83A8-D92CA6CD3015}.Release|x64.ActiveCfg = Release|Any CPU
		{4BF530A2-B402-401C-83A8-D92CA6CD3015}.Release|x64.Build.0 = Release|Any CPU
		{4BF530A2-B402-401C-83A8-D92CA6CD3015}.Release|x86.ActiveCfg = Release|Any CPU
		{4BF530A2-B402-401C-83A8-D92CA6CD3015}.Release|x86.Build.0 = Release|Any CPU
	EndGlobalSection
	GlobalSection(SolutionProperties) = preSolution
		HideSolutionNode = FALSE
	EndGlobalSection
	GlobalSection(ExtensibilityGlobals) = postSolution
		SolutionGuid = {C9EEC0D1-17F8-4DB1-9236-92D41170D088}
	EndGlobalSection
EndGlobal
